
Microsoft Visual Studio Solution File, Format Version 12.00
# Visual Studio Version 16
VisualStudioVersion = 16.0.29123.88
MinimumVisualStudioVersion = 10.0.40219.1
Project("{FAE04EC0-301F-11D3-BF4B-00C04F79EFBC}") = "Kütüphane Otomasyonu", "Kütüphane Otomasyonu\Kütüphane Otomasyonu.csproj", "{39B177F5-F1BA-489B-A159-749C7E1CAD8F}"
EndProject
Global
	GlobalSection(SolutionConfigurationPlatforms) = preSolution
		Debug|Any CPU = Debug|Any CPU
		Release|Any CPU = Release|Any CPU
	EndGlobalSection
	GlobalSection(ProjectConfigurationPlatforms) = postSolution
		{39B177F5-F1BA-489B-A159-749C7E1CAD8F}.Debug|Any CPU.ActiveCfg = Debug|Any CPU
		{39B177F5-F1BA-489B-A159-749C7E1CAD8F}.Debug|Any CPU.Build.0 = Debug|Any CPU
		{39B177F5-F1BA-489B-A159-749C7E1CAD8F}.Release|Any CPU.ActiveCfg = Release|Any CPU
		{39B177F5-F1BA-489B-A159-749C7E1CAD8F}.Release|Any CPU.Build.0 = Release|Any CPU
	EndGlobalSection
	GlobalSection(SolutionProperties) = preSolution
		HideSolutionNode = FALSE
	EndGlobalSection
	GlobalSection(ExtensibilityGlobals) = postSolution
		SolutionGuid = {3208A838-EE0F-4ED6-8CE8-6EB96705D56B}
	EndGlobalSection
EndGlobal
